{
  "lockfile_version": "1",
  "packages": {
    "awscli2@latest": {
      "last_modified": "2024-03-25T21:25:22Z",
      "resolved": "github:NixOS/nixpkgs/07262b18b97000d16a4bdb003418bd2fb067a932#awscli2",
      "source": "devbox-search",
      "version": "2.15.32",
      "systems": {
        "aarch64-darwin": {
          "outputs": [
            {
              "name": "out",
              "path": "/nix/store/z9zmm6sfrnj4md7i2xwi0rmanqig1pr1-awscli2-2.15.32",
              "default": true
            },
            {
              "name": "dist",
              "path": "/nix/store/rsb66ckc3r9yx9pz8akzfgjwripb06wb-awscli2-2.15.32-dist"
            }
          ],
          "store_path": "/nix/store/z9zmm6sfrnj4md7i2xwi0rmanqig1pr1-awscli2-2.15.32"
        },
        "aarch64-linux": {
          "outputs": [
            {
              "name": "out",
              "path": "/nix/store/gl6b818xrg5syvzw683nhpf6im6km5d2-awscli2-2.15.32",
              "default": true
            },
            {
              "name": "dist",
              "path": "/nix/store/vlg3zavwqi6j121nd2r7l9pm5v7iiny5-awscli2-2.15.32-dist"
            }
          ],
          "store_path": "/nix/store/gl6b818xrg5syvzw683nhpf6im6km5d2-awscli2-2.15.32"
        },
        "x86_64-darwin": {
          "outputs": [
            {
              "name": "out",
              "path": "/nix/store/zwjhyr8kqna43l12y3kamx7lx94kpk9h-awscli2-2.15.32",
              "default": true
            },
            {
              "name": "dist",
              "path": "/nix/store/32n3vvx6ky86cv51gv8a1gkwj7z5j7qr-awscli2-2.15.32-dist"
            }
          ],
          "store_path": "/nix/store/zwjhyr8kqna43l12y3kamx7lx94kpk9h-awscli2-2.15.32"
        },
        "x86_64-linux": {
          "outputs": [
            {
              "name": "out",
              "path": "/nix/store/k8g2inndsrzg55sz6v0nh8i8wfhgzd6y-awscli2-2.15.32",
              "default": true
            },
            {
              "name": "dist",
              "path": "/nix/store/m9jb2rwa68d0jpswhdipk5z1ngwhwn36-awscli2-2.15.32-dist"
            }
          ],
          "store_path": "/nix/store/k8g2inndsrzg55sz6v0nh8i8wfhgzd6y-awscli2-2.15.32"
        }
      }
    },
    "direnv@latest": {
      "last_modified": "2024-03-22T11:26:23Z",
      "resolved": "github:NixOS/nixpkgs/a3ed7406349a9335cb4c2a71369b697cecd9d351#direnv",
      "source": "devbox-search",
      "version": "2.34.0",
      "systems": {
        "aarch64-darwin": {
          "outputs": [
            {
              "name": "out",
              "path": "/nix/store/9dpl7mpcb9a67dz3557smvg8r673a7zw-direnv-2.34.0",
              "default": true
            }
          ],
          "store_path": "/nix/store/9dpl7mpcb9a67dz3557smvg8r673a7zw-direnv-2.34.0"
        },
        "aarch64-linux": {
          "outputs": [
            {
              "name": "out",
              "path": "/nix/store/lyhpg7dqampwyb9xcwz1v45lm8kq3zlz-direnv-2.34.0",
              "default": true
            }
          ],
          "store_path": "/nix/store/lyhpg7dqampwyb9xcwz1v45lm8kq3zlz-direnv-2.34.0"
        },
        "x86_64-darwin": {
          "outputs": [
            {
              "name": "out",
              "path": "/nix/store/yjln08p9k5y9ywxc18jljq8yzgsdgczs-direnv-2.34.0",
              "default": true
            }
          ],
          "store_path": "/nix/store/yjln08p9k5y9ywxc18jljq8yzgsdgczs-direnv-2.34.0"
        },
        "x86_64-linux": {
          "outputs": [
            {
              "name": "out",
              "path": "/nix/store/lhcz6v59vwcdavh73aixrnzq5ppli1w5-direnv-2.34.0",
              "default": true
            }
          ],
          "store_path": "/nix/store/lhcz6v59vwcdavh73aixrnzq5ppli1w5-direnv-2.34.0"
        }
      }
    },
    "gh@latest": {
      "last_modified": "2024-03-22T07:26:23-04:00",
      "resolved": "github:NixOS/nixpkgs/a3ed7406349a9335cb4c2a71369b697cecd9d351#gh",
      "source": "devbox-search",
      "version": "2.46.0",
      "systems": {
        "aarch64-darwin": {
          "outputs": [
            {
              "name": "out",
              "path": "/nix/store/lxz3z6qdrkszz8v5xp77xa20cv8q7fdj-gh-2.46.0",
              "default": true
            }
          ],
          "store_path": "/nix/store/lxz3z6qdrkszz8v5xp77xa20cv8q7fdj-gh-2.46.0"
        },
        "aarch64-linux": {
          "outputs": [
            {
              "name": "out",
              "path": "/nix/store/71ckv4vlahg0h5xrc384n1rh9f92kn7k-gh-2.46.0",
              "default": true
            }
          ],
          "store_path": "/nix/store/71ckv4vlahg0h5xrc384n1rh9f92kn7k-gh-2.46.0"
        },
        "x86_64-darwin": {
          "outputs": [
            {
              "name": "out",
              "path": "/nix/store/jfhaync1xvyigrk0gg3x5i6wqnabpbwy-gh-2.46.0",
              "default": true
            }
          ],
          "store_path": "/nix/store/jfhaync1xvyigrk0gg3x5i6wqnabpbwy-gh-2.46.0"
        },
        "x86_64-linux": {
          "outputs": [
            {
              "name": "out",
              "path": "/nix/store/pbz07yhi7rfr677b4jy97zvajmkpxyk2-gh-2.46.0",
              "default": true
            }
          ],
          "store_path": "/nix/store/pbz07yhi7rfr677b4jy97zvajmkpxyk2-gh-2.46.0"
        }
      }
    },
    "go-task@latest": {
      "last_modified": "2024-03-22T11:26:23Z",
      "resolved": "github:NixOS/nixpkgs/a3ed7406349a9335cb4c2a71369b697cecd9d351#go-task",
      "source": "devbox-search",
      "version": "3.35.1",
      "systems": {
        "aarch64-darwin": {
          "outputs": [
            {
              "name": "out",
              "path": "/nix/store/8xlnzmvkpj03yw5xmsm6acz8w0rd3cr7-go-task-3.35.1",
              "default": true
            }
          ],
          "store_path": "/nix/store/8xlnzmvkpj03yw5xmsm6acz8w0rd3cr7-go-task-3.35.1"
        },
        "aarch64-linux": {
          "outputs": [
            {
              "name": "out",
              "path": "/nix/store/n0gjrdfrjj5pxirp3v6w9qdw3r8d076r-go-task-3.35.1",
              "default": true
            }
          ],
          "store_path": "/nix/store/n0gjrdfrjj5pxirp3v6w9qdw3r8d076r-go-task-3.35.1"
        },
        "x86_64-darwin": {
          "outputs": [
            {
              "name": "out",
              "path": "/nix/store/9a8myn2zjl17ws0h7pgw210mwvgd6dm8-go-task-3.35.1",
              "default": true
            }
          ],
          "store_path": "/nix/store/9a8myn2zjl17ws0h7pgw210mwvgd6dm8-go-task-3.35.1"
        },
        "x86_64-linux": {
          "outputs": [
            {
              "name": "out",
              "path": "/nix/store/1xb7vmm16bhlq12lk1q3fhkcypv2p9kb-go-task-3.35.1",
              "default": true
            }
          ],
          "store_path": "/nix/store/1xb7vmm16bhlq12lk1q3fhkcypv2p9kb-go-task-3.35.1"
        }
      }
    },
    "jq@latest": {
      "last_modified": "2024-03-29T12:35:36Z",
      "resolved": "github:NixOS/nixpkgs/807c549feabce7eddbf259dbdcec9e0600a0660d#jq",
      "source": "devbox-search",
      "version": "1.7.1",
      "systems": {
        "aarch64-darwin": {
          "outputs": [
            {
              "name": "bin",
              "path": "/nix/store/59r06awlqdsw1fpvwcy2dg65l0g09vdp-jq-1.7.1-bin",
              "default": true
            },
            {
              "name": "man",
              "path": "/nix/store/glava1axlc7qkr875zikn3qncmrlmhvg-jq-1.7.1-man",
              "default": true
            },
            {
              "name": "dev",
              "path": "/nix/store/9zlf0mjahix97izdbr08ay50q4hg1l73-jq-1.7.1-dev"
            },
            {
              "name": "doc",
              "path": "/nix/store/wqwcldk42s8rn5b9h3pjc8836gl2qzng-jq-1.7.1-doc"
            },
            {
              "name": "lib",
              "path": "/nix/store/lsfivvi5k3kikzrbffcz18gcyi6fx2si-jq-1.7.1-lib"
            },
            {
              "name": "out",
              "path": "/nix/store/y1dm44vipw95v8vihc57ia8zz5nnp94b-jq-1.7.1"
            }
          ],
          "store_path": "/nix/store/59r06awlqdsw1fpvwcy2dg65l0g09vdp-jq-1.7.1-bin"
        },
        "aarch64-linux": {
          "outputs": [
            {
              "name": "bin",
              "path": "/nix/store/rajf5f3cf6qmr9jp2mwjikygl7hmfv4a-jq-1.7.1-bin",
              "default": true
            },
            {
              "name": "man",
              "path": "/nix/store/in1cd7zn58cwpb9czaa8wk0qhz1ssdk2-jq-1.7.1-man",
              "default": true
            },
            {
              "name": "out",
              "path": "/nix/store/vwr1r5as7mh5za5rsrf8lcxpf8acvmsk-jq-1.7.1"
            },
            {
              "name": "dev",
              "path": "/nix/store/kjqca4symf704yi1zlgnhbj7njzhwwgd-jq-1.7.1-dev"
            },
            {
              "name": "doc",
              "path": "/nix/store/8ljizkqxmbmp78npap4as8vb7w5snkmk-jq-1.7.1-doc"
            },
            {
              "name": "lib",
              "path": "/nix/store/55mf8kxjcmrsip8ffpn75r3snm65gv0h-jq-1.7.1-lib"
            }
          ],
          "store_path": "/nix/store/rajf5f3cf6qmr9jp2mwjikygl7hmfv4a-jq-1.7.1-bin"
        },
        "x86_64-darwin": {
          "outputs": [
            {
              "name": "bin",
              "path": "/nix/store/szlvc45yfk43b3dmn2ms01cw0yw5cih2-jq-1.7.1-bin",
              "default": true
            },
            {
              "name": "man",
              "path": "/nix/store/9h7zfkrqchgcchlw9yx6ngg1llw22da9-jq-1.7.1-man",
              "default": true
            },
            {
              "name": "dev",
              "path": "/nix/store/5p38yscg4kqk5m08c2p5bni374r1qs5p-jq-1.7.1-dev"
            },
            {
              "name": "doc",
              "path": "/nix/store/gcc7ncsdppac15r45i376907f5320bna-jq-1.7.1-doc"
            },
            {
              "name": "lib",
              "path": "/nix/store/kqbix3pbjq5wjdhw3llbcjiv9kj1cvm2-jq-1.7.1-lib"
            },
            {
              "name": "out",
              "path": "/nix/store/vxssvrpyrm5ci3k030fsnqf01gkprz8x-jq-1.7.1"
            }
          ],
          "store_path": "/nix/store/szlvc45yfk43b3dmn2ms01cw0yw5cih2-jq-1.7.1-bin"
        },
        "x86_64-linux": {
          "outputs": [
            {
              "name": "bin",
              "path": "/nix/store/1kql9l6sh9qwkfac720fl9a2d4lf78r3-jq-1.7.1-bin",
              "default": true
            },
            {
              "name": "man",
              "path": "/nix/store/dy82v8zpcrmkjhlxrq42jccjvnf8ljvr-jq-1.7.1-man",
              "default": true
            },
            {
              "name": "lib",
              "path": "/nix/store/qaggw36kdv2n7k6rivii9ylr8205yaqz-jq-1.7.1-lib"
            },
            {
              "name": "out",
              "path": "/nix/store/bgvg4yihsf8dgwk2g4mfi7k3gfsfxv4c-jq-1.7.1"
            },
            {
              "name": "dev",
              "path": "/nix/store/8i4fdcf8g6c8wmav9kbyvrc6rbip55d6-jq-1.7.1-dev"
            },
            {
              "name": "doc",
              "path": "/nix/store/53fg9kn3ry6m71p1c7ghaci6zygisxfz-jq-1.7.1-doc"
            }
          ],
          "store_path": "/nix/store/1kql9l6sh9qwkfac720fl9a2d4lf78r3-jq-1.7.1-bin"
        }
      }
    },
    "micromamba@latest": {
      "last_modified": "2024-03-22T11:26:23Z",
      "resolved": "github:NixOS/nixpkgs/a3ed7406349a9335cb4c2a71369b697cecd9d351#micromamba",
      "source": "devbox-search",
      "version": "1.5.4",
      "systems": {
        "aarch64-darwin": {
          "outputs": [
            {
              "name": "out",
              "path": "/nix/store/ga9j9li3i5pga7pily3cgmd7pyjn7137-micromamba-1.5.4",
              "default": true
            }
          ],
          "store_path": "/nix/store/ga9j9li3i5pga7pily3cgmd7pyjn7137-micromamba-1.5.4"
        },
        "aarch64-linux": {
          "outputs": [
            {
              "name": "out",
              "path": "/nix/store/a3v6cik539ygx9q08knkgqs3dd5zhkab-micromamba-1.5.4",
              "default": true
            }
          ],
          "store_path": "/nix/store/a3v6cik539ygx9q08knkgqs3dd5zhkab-micromamba-1.5.4"
        },
        "x86_64-darwin": {
          "outputs": [
            {
              "name": "out",
              "path": "/nix/store/f9gsb181m8xhrkh15ybkzg8rlxbvp18s-micromamba-1.5.4",
              "default": true
            }
          ],
          "store_path": "/nix/store/f9gsb181m8xhrkh15ybkzg8rlxbvp18s-micromamba-1.5.4"
        },
        "x86_64-linux": {
          "outputs": [
            {
              "name": "out",
              "path": "/nix/store/p5z4d0vcafi64l7l3crnjjml8mhx7z13-micromamba-1.5.4",
              "default": true
            }
          ],
          "store_path": "/nix/store/p5z4d0vcafi64l7l3crnjjml8mhx7z13-micromamba-1.5.4"
        }
      }
    },
    "python@3.10": {
      "last_modified": "2024-03-27T09:47:59Z",
      "plugin_version": "0.0.3",
      "resolved": "github:NixOS/nixpkgs/2230a20f2b5a14f2db3d7f13a2dc3c22517e790b#python310",
      "source": "devbox-search",
      "version": "3.10.14",
      "systems": {
        "aarch64-darwin": {
          "outputs": [
            {
              "name": "out",
              "path": "/nix/store/hrg1v4jnfprcnw5wbyx32ghas7fpbf1x-python3-3.10.14",
              "default": true
            }
          ],
          "store_path": "/nix/store/hrg1v4jnfprcnw5wbyx32ghas7fpbf1x-python3-3.10.14"
        },
        "aarch64-linux": {
          "outputs": [
            {
              "name": "out",
              "path": "/nix/store/10iqd7n59c3aznxlqwxk7s0qpvwpkkv6-python3-3.10.14",
              "default": true
            },
            {
              "name": "debug",
              "path": "/nix/store/6iardl19cpfl28y2ibbz1k64qg9fgk8d-python3-3.10.14-debug"
            }
          ],
          "store_path": "/nix/store/10iqd7n59c3aznxlqwxk7s0qpvwpkkv6-python3-3.10.14"
        },
        "x86_64-darwin": {
          "outputs": [
            {
              "name": "out",
              "path": "/nix/store/klrpgzac7vw4k1g5sia83fkzb63w3g6r-python3-3.10.14",
              "default": true
            }
          ],
          "store_path": "/nix/store/klrpgzac7vw4k1g5sia83fkzb63w3g6r-python3-3.10.14"
        },
        "x86_64-linux": {
          "outputs": [
            {
              "name": "out",
              "path": "/nix/store/qq3101yfil8kpbifljs2fnppf6857y8c-python3-3.10.14",
              "default": true
            },
            {
              "name": "debug",
              "path": "/nix/store/l80insbr2cawr8cpy2bdip8hin9jjaxz-python3-3.10.14-debug"
            }
          ],
          "store_path": "/nix/store/qq3101yfil8kpbifljs2fnppf6857y8c-python3-3.10.14"
        }
      }
    },
    "teller@latest": {
      "last_modified": "2024-03-22T11:26:23Z",
      "resolved": "github:NixOS/nixpkgs/a3ed7406349a9335cb4c2a71369b697cecd9d351#teller",
      "source": "devbox-search",
      "version": "1.5.6",
      "systems": {
        "aarch64-darwin": {
          "outputs": [
            {
              "name": "out",
              "path": "/nix/store/l2fh3piwbg087wkqriv4znaf9dx290wk-teller-1.5.6",
              "default": true
            }
          ],
          "store_path": "/nix/store/l2fh3piwbg087wkqriv4znaf9dx290wk-teller-1.5.6"
        },
        "aarch64-linux": {
          "outputs": [
            {
              "name": "out",
              "path": "/nix/store/nj5j7m0v2rfnmr9y3y123kzvlm3s7pl8-teller-1.5.6",
              "default": true
            }
          ],
          "store_path": "/nix/store/nj5j7m0v2rfnmr9y3y123kzvlm3s7pl8-teller-1.5.6"
        },
        "x86_64-darwin": {
          "outputs": [
            {
              "name": "out",
              "path": "/nix/store/p7l9dv1nf6pfk34s9jymdqkfx9vq602n-teller-1.5.6",
              "default": true
            }
          ],
          "store_path": "/nix/store/p7l9dv1nf6pfk34s9jymdqkfx9vq602n-teller-1.5.6"
        },
        "x86_64-linux": {
          "outputs": [
            {
              "name": "out",
              "path": "/nix/store/xmkyhmg9qmg74j6pnm7kkchf57qd0xw8-teller-1.5.6",
              "default": true
            }
          ],
          "store_path": "/nix/store/xmkyhmg9qmg74j6pnm7kkchf57qd0xw8-teller-1.5.6"
        }
      }
    },
    "yq@latest": {
      "last_modified": "2024-03-22T11:26:23Z",
      "resolved": "github:NixOS/nixpkgs/a3ed7406349a9335cb4c2a71369b697cecd9d351#yq",
      "source": "devbox-search",
      "version": "3.2.3",
      "systems": {
        "aarch64-darwin": {
          "outputs": [
            {
              "name": "out",
              "path": "/nix/store/2fizwb7an49cvy2dn1njna1gkfc99faw-python3.11-yq-3.2.3",
              "default": true
            },
            {
              "name": "dist",
              "path": "/nix/store/vvhi2g9d91vjzri7mn9vazyy4751fr7a-python3.11-yq-3.2.3-dist"
            }
          ],
          "store_path": "/nix/store/2fizwb7an49cvy2dn1njna1gkfc99faw-python3.11-yq-3.2.3"
        },
        "aarch64-linux": {
          "outputs": [
            {
              "name": "out",
              "path": "/nix/store/gwwixswkxp5x2hslfr1x6ngmgpdinb39-python3.11-yq-3.2.3",
              "default": true
            },
            {
              "name": "dist",
              "path": "/nix/store/qqb76l85ma37j53z96nak61h7w9g62nj-python3.11-yq-3.2.3-dist"
            }
          ],
          "store_path": "/nix/store/gwwixswkxp5x2hslfr1x6ngmgpdinb39-python3.11-yq-3.2.3"
        },
        "x86_64-darwin": {
          "outputs": [
            {
              "name": "out",
              "path": "/nix/store/dxnvyxwgmlyliy9ydz26nzmj9jgmn9j4-python3.11-yq-3.2.3",
              "default": true
            },
            {
              "name": "dist",
              "path": "/nix/store/73x215zyrb7bd0qm9zv3h898ardj32pn-python3.11-yq-3.2.3-dist"
            }
          ],
          "store_path": "/nix/store/dxnvyxwgmlyliy9ydz26nzmj9jgmn9j4-python3.11-yq-3.2.3"
        },
        "x86_64-linux": {
          "outputs": [
            {
              "name": "out",
              "path": "/nix/store/1pn61n8ahmsizqw66480hx2l22vlmblg-python3.11-yq-3.2.3",
              "default": true
            },
            {
              "name": "dist",
              "path": "/nix/store/52rh1pybh4179swb7dlhw2acclhqixzh-python3.11-yq-3.2.3-dist"
            }
          ],
          "store_path": "/nix/store/1pn61n8ahmsizqw66480hx2l22vlmblg-python3.11-yq-3.2.3"
        }
      }
    },
    "zsh-prezto@latest": {
      "last_modified": "2024-03-25T12:46:37Z",
      "resolved": "github:NixOS/nixpkgs/c726225724e681b3626acc941c6f95d2b0602087#zsh-prezto",
      "source": "devbox-search",
      "version": "2024-03-17",
      "systems": {
        "aarch64-darwin": {
          "outputs": [
            {
              "name": "out",
              "path": "/nix/store/xaqhmrkkyf59rfclp9330kjk8rcw9v03-zsh-prezto-unstable-2024-03-17",
              "default": true
            }
          ],
          "store_path": "/nix/store/xaqhmrkkyf59rfclp9330kjk8rcw9v03-zsh-prezto-unstable-2024-03-17"
        },
        "aarch64-linux": {
          "outputs": [
            {
              "name": "out",
              "path": "/nix/store/wii0cddflly98l11wydixxk7r3zfrl5b-zsh-prezto-unstable-2024-03-17",
              "default": true
            }
          ],
          "store_path": "/nix/store/wii0cddflly98l11wydixxk7r3zfrl5b-zsh-prezto-unstable-2024-03-17"
        },
        "x86_64-darwin": {
          "outputs": [
            {
              "name": "out",
              "path": "/nix/store/c68h42n0zprxh0zcw4s7plrk4sv15xlg-zsh-prezto-unstable-2024-03-17",
              "default": true
            }
          ],
          "store_path": "/nix/store/c68h42n0zprxh0zcw4s7plrk4sv15xlg-zsh-prezto-unstable-2024-03-17"
        },
        "x86_64-linux": {
          "outputs": [
            {
              "name": "out",
              "path": "/nix/store/p7am3n6vh9b8z1381ycajm4b7zx9kgan-zsh-prezto-unstable-2024-03-17",
              "default": true
            }
          ],
          "store_path": "/nix/store/p7am3n6vh9b8z1381ycajm4b7zx9kgan-zsh-prezto-unstable-2024-03-17"
        }
      }
    }
  }
}
